
Microsoft Visual Studio Solution File, Format Version 12.00
# Visual Studio Version 17
VisualStudioVersion = 17.0.32112.339
MinimumVisualStudioVersion = 10.0.40219.1
Project("{FAE04EC0-301F-11D3-BF4B-00C04F79EFBC}") = "ImageHandlerExample", "ImageHandlerExample.csproj", "{0D388C43-1FE8-4233-8B9B-41B78828DB0F}"
EndProject
Global
	GlobalSection(SolutionConfigurationPlatforms) = preSolution
		Debug|Any CPU = Debug|Any CPU
		Release|Any CPU = Release|Any CPU
	EndGlobalSection
	GlobalSection(ProjectConfigurationPlatforms) = postSolution
		{0D388C43-1FE8-4233-8B9B-41B78828DB0F}.Debug|Any CPU.ActiveCfg = Debug|Any CPU
		{0D388C43-1FE8-4233-8B9B-41B78828DB0F}.Debug|Any CPU.Build.0 = Debug|Any CPU
		{0D388C43-1FE8-4233-8B9B-41B78828DB0F}.Release|Any CPU.ActiveCfg = Release|Any CPU
		{0D388C43-1FE8-4233-8B9B-41B78828DB0F}.Release|Any CPU.Build.0 = Release|Any CPU
	EndGlobalSection
	GlobalSection(SolutionProperties) = preSolution
		HideSolutionNode = FALSE
	EndGlobalSection
	GlobalSection(ExtensibilityGlobals) = postSolution
		SolutionGuid = {E7AFB002-E484-4BB0-A269-AF7A1762CD1B}
	EndGlobalSection
EndGlobal
